
Microsoft Visual Studio Solution File, Format Version 12.00
# Visual Studio Version 16
VisualStudioVersion = 16.0.30804.86
MinimumVisualStudioVersion = 10.0.40219.1
Project("{9A19103F-16F7-4668-BE54-9A1E7A4F7556}") = "Web", "Web\Web.csproj", "{3C3FCAE5-F9C5-4BC9-93B7-F474ED789288}"
EndProject
Project("{FAE04EC0-301F-11D3-BF4B-00C04F79EFBC}") = "DAL", "DAL\DAL.csproj", "{041EB8E0-9B24-4069-9DC2-005EBC684E06}"
EndProject
Project("{FAE04EC0-301F-11D3-BF4B-00C04F79EFBC}") = "Model", "Model\Model.csproj", "{005DF195-6523-43AD-974E-6A0AE0D11215}"
EndProject
Global
	GlobalSection(SolutionConfigurationPlatforms) = preSolution
		Debug|Any CPU = Debug|Any CPU
		Release|Any CPU = Release|Any CPU
	EndGlobalSection
	GlobalSection(ProjectConfigurationPlatforms) = postSolution
		{3C3FCAE5-F9C5-4BC9-93B7-F474ED789288}.Debug|Any CPU.ActiveCfg = Debug|Any CPU
		{3C3FCAE5-F9C5-4BC9-93B7-F474ED789288}.Debug|Any CPU.Build.0 = Debug|Any CPU
		{3C3FCAE5-F9C5-4BC9-93B7-F474ED789288}.Release|Any CPU.ActiveCfg = Release|Any CPU
		{3C3FCAE5-F9C5-4BC9-93B7-F474ED789288}.Release|Any CPU.Build.0 = Release|Any CPU
		{041EB8E0-9B24-4069-9DC2-005EBC684E06}.Debug|Any CPU.ActiveCfg = Debug|Any CPU
		{041EB8E0-9B24-4069-9DC2-005EBC684E06}.Debug|Any CPU.Build.0 = Debug|Any CPU
		{041EB8E0-9B24-4069-9DC2-005EBC684E06}.Release|Any CPU.ActiveCfg = Release|Any CPU
		{041EB8E0-9B24-4069-9DC2-005EBC684E06}.Release|Any CPU.Build.0 = Release|Any CPU
		{005DF195-6523-43AD-974E-6A0AE0D11215}.Debug|Any CPU.ActiveCfg = Debug|Any CPU
		{005DF195-6523-43AD-974E-6A0AE0D11215}.Debug|Any CPU.Build.0 = Debug|Any CPU
		{005DF195-6523-43AD-974E-6A0AE0D11215}.Release|Any CPU.ActiveCfg = Release|Any CPU
		{005DF195-6523-43AD-974E-6A0AE0D11215}.Release|Any CPU.Build.0 = Release|Any CPU
	EndGlobalSection
	GlobalSection(SolutionProperties) = preSolution
		HideSolutionNode = FALSE
	EndGlobalSection
	GlobalSection(ExtensibilityGlobals) = postSolution
		SolutionGuid = {2EA0290F-9068-4D73-8BDD-DD902E11FC69}
	EndGlobalSection
EndGlobal
